dependencies:
- name: kube-prometheus-stack
  repository: https://prometheus-community.github.io/helm-charts
  version: 87.2.1
- name: rustfs
  repository: https://charts.rustfs.com/
  version: 0.8.0
digest: sha256:4cc451c9dd71ac9600254c54d9aebb9391e4db6fe827c6e48edbff7b01f40b92
generated: "2026-06-25T14:38:05.607863301Z"
